
Microsoft Visual Studio Solution File, Format Version 12.00
# Visual Studio Version 17
VisualStudioVersion = 17.10.35122.118
MinimumVisualStudioVersion = 10.0.40219.1
Project("{9A19103F-16F7-4668-BE54-9A1E7A4F7556}") = "AssetClass2", "AssetClass2\AssetClass2.csproj", "{78ED747E-C09B-4C38-9444-A67B71A6F57A}"
EndProject
Project("{FAE04EC0-301F-11D3-BF4B-00C04F79EFBC}") = "AssetClass2Tests", "AssetClass2Tests\AssetClass2Tests.csproj", "{DC82C8B2-4C6F-402A-BAB4-1AE3819EFAC0}"
EndProject
Global
	GlobalSection(SolutionConfigurationPlatforms) = preSolution
		Debug|Any CPU = Debug|Any CPU
		Release|Any CPU = Release|Any CPU
	EndGlobalSection
	GlobalSection(ProjectConfigurationPlatforms) = postSolution
		{78ED747E-C09B-4C38-9444-A67B71A6F57A}.Debug|Any CPU.ActiveCfg = Debug|Any CPU
		{78ED747E-C09B-4C38-9444-A67B71A6F57A}.Debug|Any CPU.Build.0 = Debug|Any CPU
		{78ED747E-C09B-4C38-9444-A67B71A6F57A}.Release|Any CPU.ActiveCfg = Release|Any CPU
		{78ED747E-C09B-4C38-9444-A67B71A6F57A}.Release|Any CPU.Build.0 = Release|Any CPU
		{DC82C8B2-4C6F-402A-BAB4-1AE3819EFAC0}.Debug|Any CPU.ActiveCfg = Debug|Any CPU
		{DC82C8B2-4C6F-402A-BAB4-1AE3819EFAC0}.Debug|Any CPU.Build.0 = Debug|Any CPU
		{DC82C8B2-4C6F-402A-BAB4-1AE3819EFAC0}.Release|Any CPU.ActiveCfg = Release|Any CPU
		{DC82C8B2-4C6F-402A-BAB4-1AE3819EFAC0}.Release|Any CPU.Build.0 = Release|Any CPU
	EndGlobalSection
	GlobalSection(SolutionProperties) = preSolution
		HideSolutionNode = FALSE
	EndGlobalSection
	GlobalSection(ExtensibilityGlobals) = postSolution
		SolutionGuid = {C5D9C4E4-90E5-4705-BF58-6B8E4383F1FC}
	EndGlobalSection
EndGlobal
